
Microsoft Visual Studio Solution File, Format Version 12.00
# Visual Studio Version 17
VisualStudioVersion = 17.11.35222.181
MinimumVisualStudioVersion = 10.0.40219.1
Project("{FAE04EC0-301F-11D3-BF4B-00C04F79EFBC}") = "MKP", "MKP.csproj", "{2F2085DA-B81A-42D2-824B-60702A7A5496}"
EndProject
Global
	GlobalSection(SolutionConfigurationPlatforms) = preSolution
		Debug|Any CPU = Debug|Any CPU
		Release|Any CPU = Release|Any CPU
	EndGlobalSection
	GlobalSection(ProjectConfigurationPlatforms) = postSolution
		{2F2085DA-B81A-42D2-824B-60702A7A5496}.Debug|Any CPU.ActiveCfg = Debug|Any CPU
		{2F2085DA-B81A-42D2-824B-60702A7A5496}.Debug|Any CPU.Build.0 = Debug|Any CPU
		{2F2085DA-B81A-42D2-824B-60702A7A5496}.Release|Any CPU.ActiveCfg = Release|Any CPU
		{2F2085DA-B81A-42D2-824B-60702A7A5496}.Release|Any CPU.Build.0 = Release|Any CPU
	EndGlobalSection
	GlobalSection(SolutionProperties) = preSolution
		HideSolutionNode = FALSE
	EndGlobalSection
	GlobalSection(ExtensibilityGlobals) = postSolution
		SolutionGuid = {BEAD3196-B411-4E62-9FA1-F66EF9CEE635}
	EndGlobalSection
EndGlobal
